
Microsoft Visual Studio Solution File, Format Version 12.00
# Visual Studio Version 17
VisualStudioVersion = 17.7.34031.279
MinimumVisualStudioVersion = 10.0.40219.1
Project("{FAE04EC0-301F-11D3-BF4B-00C04F79EFBC}") = "AikaHelp_ByGrifinory", "AikaHelp_ByGrifinory.csproj", "{AC42C8A6-08D1-4A5E-BB25-907DA8CF8138}"
EndProject
Global
	GlobalSection(SolutionConfigurationPlatforms) = preSolution
		Debug|Any CPU = Debug|Any CPU
		Release|Any CPU = Release|Any CPU
	EndGlobalSection
	GlobalSection(ProjectConfigurationPlatforms) = postSolution
		{AC42C8A6-08D1-4A5E-BB25-907DA8CF8138}.Debug|Any CPU.ActiveCfg = Debug|Any CPU
		{AC42C8A6-08D1-4A5E-BB25-907DA8CF8138}.Debug|Any CPU.Build.0 = Debug|Any CPU
		{AC42C8A6-08D1-4A5E-BB25-907DA8CF8138}.Release|Any CPU.ActiveCfg = Release|Any CPU
		{AC42C8A6-08D1-4A5E-BB25-907DA8CF8138}.Release|Any CPU.Build.0 = Release|Any CPU
	EndGlobalSection
	GlobalSection(SolutionProperties) = preSolution
		HideSolutionNode = FALSE
	EndGlobalSection
	GlobalSection(ExtensibilityGlobals) = postSolution
		SolutionGuid = {538B0468-A9AE-4216-8993-86E751642973}
	EndGlobalSection
EndGlobal
